
Microsoft Visual Studio Solution File, Format Version 12.00
# Visual Studio Version 16
VisualStudioVersion = 16.0.29215.179
MinimumVisualStudioVersion = 10.0.40219.1
Project("{8BC9CEB8-8B4A-11D0-8D11-00A0C91BC942}") = "SummerJobExerciseCOSC131", "SummerJobExerciseCOSC131\SummerJobExerciseCOSC131.vcxproj", "{C44BC53C-326E-4CD3-9D19-18CA70963A5E}"
EndProject
Global
	GlobalSection(SolutionConfigurationPlatforms) = preSolution
		Debug|x64 = Debug|x64
		Debug|x86 = Debug|x86
		Release|x64 = Release|x64
		Release|x86 = Release|x86
	EndGlobalSection
	GlobalSection(ProjectConfigurationPlatforms) = postSolution
		{C44BC53C-326E-4CD3-9D19-18CA70963A5E}.Debug|x64.ActiveCfg = Debug|x64
		{C44BC53C-326E-4CD3-9D19-18CA70963A5E}.Debug|x64.Build.0 = Debug|x64
		{C44BC53C-326E-4CD3-9D19-18CA70963A5E}.Debug|x86.ActiveCfg = Debug|Win32
		{C44BC53C-326E-4CD3-9D19-18CA70963A5E}.Debug|x86.Build.0 = Debug|Win32
		{C44BC53C-326E-4CD3-9D19-18CA70963A5E}.Release|x64.ActiveCfg = Release|x64
		{C44BC53C-326E-4CD3-9D19-18CA70963A5E}.Release|x64.Build.0 = Release|x64
		{C44BC53C-326E-4CD3-9D19-18CA70963A5E}.Release|x86.ActiveCfg = Release|Win32
		{C44BC53C-326E-4CD3-9D19-18CA70963A5E}.Release|x86.Build.0 = Release|Win32
	EndGlobalSection
	GlobalSection(SolutionProperties) = preSolution
		HideSolutionNode = FALSE
	EndGlobalSection
	GlobalSection(ExtensibilityGlobals) = postSolution
		SolutionGuid = {C3F4CAD3-EBAF-4AA7-B56C-26A4E3B26B11}
	EndGlobalSection
EndGlobal
